
Microsoft Visual Studio Solution File, Format Version 12.00
# Visual Studio Version 17
VisualStudioVersion = 17.10.35013.160
MinimumVisualStudioVersion = 10.0.40219.1
Project("{FAE04EC0-301F-11D3-BF4B-00C04F79EFBC}") = "backend", "backend\backend.csproj", "{93FAEE34-7106-4DD6-A974-AEE69D70FE8A}"
EndProject
Global
	GlobalSection(SolutionConfigurationPlatforms) = preSolution
		Debug|Any CPU = Debug|Any CPU
		Release|Any CPU = Release|Any CPU
	EndGlobalSection
	GlobalSection(ProjectConfigurationPlatforms) = postSolution
		{93FAEE34-7106-4DD6-A974-AEE69D70FE8A}.Debug|Any CPU.ActiveCfg = Debug|Any CPU
		{93FAEE34-7106-4DD6-A974-AEE69D70FE8A}.Debug|Any CPU.Build.0 = Debug|Any CPU
		{93FAEE34-7106-4DD6-A974-AEE69D70FE8A}.Release|Any CPU.ActiveCfg = Release|Any CPU
		{93FAEE34-7106-4DD6-A974-AEE69D70FE8A}.Release|Any CPU.Build.0 = Release|Any CPU
	EndGlobalSection
	GlobalSection(SolutionProperties) = preSolution
		HideSolutionNode = FALSE
	EndGlobalSection
	GlobalSection(ExtensibilityGlobals) = postSolution
		SolutionGuid = {368E7104-4212-48B5-B158-54D80283994E}
	EndGlobalSection
EndGlobal
